<?xml version="1.0" encoding="utf-8"?>
<Project ToolsVersion="4.0" xmlns="http://schemas.microsoft.com/developer/msbuild/2003">
  <ItemGroup>
    <Filter Include="Source Files">
      <UniqueIdentifier>{4FC737F1-C7A5-4376-A066-2A32D752A2FF}</UniqueIdentifier>
      <Extensions>cpp;c;cc;cxx;c++;cppm;ixx;def;odl;idl;hpj;bat;asm;asmx</Extensions>
    </Filter>
    <Filter Include="Header Files">
      <UniqueIdentifier>{93995380-89BD-4b04-88EB-625FBE52EBFB}</UniqueIdentifier>
      <Extensions>h;hh;hpp;hxx;h++;hm;inl;inc;ipp;xsd</Extensions>
    </Filter>
    <Filter Include="Resource Files">
      <UniqueIdentifier>{67DA6AB6-F800-4c08-8B7A-83BB121AAD01}</UniqueIdentifier>
      <Extensions>rc;ico;cur;bmp;dlg;rc2;rct;bin;rgs;gif;jpg;jpeg;jpe;resx;tiff;tif;png;wav;mfcribbon-ms</Extensions>
    </Filter>
  </ItemGroup>
  <ItemGroup>
    <ClCompile Include="Main.cpp">
      <Filter>Source Files</Filter>
    </ClCompile>
    <ClCompile Include="Sejder.cpp">
      <Filter>Source Files</Filter>
    </ClCompile>
    <ClCompile Include="Sprajt.cpp">
      <Filter>Source Files</Filter>
    </ClCompile>
    <ClCompile Include="Kamera2D.cpp">
      <Filter>Source Files</Filter>
    </ClCompile>
    <ClCompile Include="MapaPlocica.cpp">
      <Filter>Source Files</Filter>
    </ClCompile>
    <ClCompile Include="Tekstura2D.cpp">
      <Filter>Source Files</Filter>
    </ClCompile>
    <ClCompile Include="BaferElemenata.cpp">
      <Filter>Source Files</Filter>
    </ClCompile>
    <ClCompile Include="AplikacijaApstrakt.cpp">
      <Filter>Source Files</Filter>
    </ClCompile>
    <ClCompile Include="Aplikacija.cpp">
      <Filter>Source Files</Filter>
    </ClCompile>
    <ClCompile Include="Svetlo2D.cpp">
      <Filter>Source Files</Filter>
    </ClCompile>
    <ClCompile Include="Unos.cpp">
      <Filter>Source Files</Filter>
    </ClCompile>
  </ItemGroup>
  <ItemGroup>
    <ClInclude Include="Sejder.h">
      <Filter>Header Files</Filter>
    </ClInclude>
    <ClInclude Include="Sprajt.h">
      <Filter>Header Files</Filter>
    </ClInclude>
    <ClInclude Include="Kamera2D.h">
      <Filter>Header Files</Filter>
    </ClInclude>
    <ClInclude Include="MapaPlocica.h">
      <Filter>Header Files</Filter>
    </ClInclude>
    <ClInclude Include="Tekstura2D.h">
      <Filter>Header Files</Filter>
    </ClInclude>
    <ClInclude Include="BaferElemenata.h">
      <Filter>Header Files</Filter>
    </ClInclude>
    <ClInclude Include="AplikacijaApstrakt.h">
      <Filter>Header Files</Filter>
    </ClInclude>
    <ClInclude Include="Aplikacija.h">
      <Filter>Header Files</Filter>
    </ClInclude>
    <ClInclude Include="PexelPogon.h">
      <Filter>Header Files</Filter>
    </ClInclude>
    <ClInclude Include="Svetlo2D.h">
      <Filter>Header Files</Filter>
    </ClInclude>
    <ClInclude Include="Unos.h">
      <Filter>Header Files</Filter>
    </ClInclude>
    <ClInclude Include="Objekat.h">
      <Filter>Header Files</Filter>
    </ClInclude>
    <ClInclude Include="KodoviTasteraZaUlaz.h">
      <Filter>Header Files</Filter>
    </ClInclude>
  </ItemGroup>
  <ItemGroup>
    <None Include="sprajt.frag">
      <Filter>Resource Files</Filter>
    </None>
    <None Include="sprajt.vert">
      <Filter>Resource Files</Filter>
    </None>
    <None Include="plocice.vert">
      <Filter>Resource Files</Filter>
    </None>
    <None Include="plocice.frag">
      <Filter>Resource Files</Filter>
    </None>
    <None Include="svetlo.vert">
      <Filter>Resource Files</Filter>
    </None>
    <None Include="svetlo.frag">
      <Filter>Resource Files</Filter>
    </None>
  </ItemGroup>
  <ItemGroup>
    <Text Include="mapa_plocica.txt">
      <Filter>Resource Files</Filter>
    </Text>
  </ItemGroup>
  <ItemGroup>
    <Image Include="ratnica.png">
      <Filter>Resource Files</Filter>
    </Image>
  </ItemGroup>
</Project>